<?xml version="1.0" encoding="UTF-8"?>
<!DOCTYPE plist PUBLIC "-//Apple//DTD PLIST 1.0//EN" "http://www.apple.com/DTDs/PropertyList-1.0.dtd">
<plist version="1.0">
<dict>
	<key>archiveVersion</key>
	<string>1</string>
	<key>classes</key>
	<dict/>
	<key>objectVersion</key>
	<string>46</string>
	<key>objects</key>
	<dict>
		<key>690F4DF91883EFDF000FBE1D</key>
		<dict>
			<key>fileEncoding</key>
			<string>4</string>
			<key>isa</key>
			<string>PBXFileReference</string>
			<key>lastKnownFileType</key>
			<string>sourcecode.c.h</string>
			<key>path</key>
			<string>JKLeftViewController.h</string>
			<key>sourceTree</key>
			<string>&lt;group&gt;</string>
		</dict>
		<key>690F4DFA1883EFDF000FBE1D</key>
		<dict>
			<key>fileEncoding</key>
			<string>4</string>
			<key>isa</key>
			<string>PBXFileReference</string>
			<key>lastKnownFileType</key>
			<string>sourcecode.c.objc</string>
			<key>path</key>
			<string>JKLeftViewController.m</string>
			<key>sourceTree</key>
			<string>&lt;group&gt;</string>
		</dict>
		<key>690F4DFB1883EFDF000FBE1D</key>
		<dict>
			<key>fileRef</key>
			<string>690F4DFA1883EFDF000FBE1D</string>
			<key>isa</key>
			<string>PBXBuildFile</string>
		</dict>
		<key>690F4DFC1883EFF3000FBE1D</key>
		<dict>
			<key>fileEncoding</key>
			<string>4</string>
			<key>isa</key>
			<string>PBXFileReference</string>
			<key>lastKnownFileType</key>
			<string>sourcecode.c.h</string>
			<key>path</key>
			<string>JKRightViewController.h</string>
			<key>sourceTree</key>
			<string>&lt;group&gt;</string>
		</dict>
		<key>690F4DFD1883EFF3000FBE1D</key>
		<dict>
			<key>fileEncoding</key>
			<string>4</string>
			<key>isa</key>
			<string>PBXFileReference</string>
			<key>lastKnownFileType</key>
			<string>sourcecode.c.objc</string>
			<key>path</key>
			<string>JKRightViewController.m</string>
			<key>sourceTree</key>
			<string>&lt;group&gt;</string>
		</dict>
		<key>690F4DFE1883EFF3000FBE1D</key>
		<dict>
			<key>fileRef</key>
			<string>690F4DFD1883EFF3000FBE1D</string>
			<key>isa</key>
			<string>PBXBuildFile</string>
		</dict>
		<key>690F4DFF1883F1BE000FBE1D</key>
		<dict>
			<key>fileEncoding</key>
			<string>4</string>
			<key>isa</key>
			<string>PBXFileReference</string>
			<key>lastKnownFileType</key>
			<string>sourcecode.c.h</string>
			<key>path</key>
			<string>JKCenterViewController.h</string>
			<key>sourceTree</key>
			<string>&lt;group&gt;</string>
		</dict>
		<key>690F4E001883F1BE000FBE1D</key>
		<dict>
			<key>fileEncoding</key>
			<string>4</string>
			<key>isa</key>
			<string>PBXFileReference</string>
			<key>lastKnownFileType</key>
			<string>sourcecode.c.objc</string>
			<key>path</key>
			<string>JKCenterViewController.m</string>
			<key>sourceTree</key>
			<string>&lt;group&gt;</string>
		</dict>
		<key>690F4E011883F1BE000FBE1D</key>
		<dict>
			<key>fileRef</key>
			<string>690F4E001883F1BE000FBE1D</string>
			<key>isa</key>
			<string>PBXBuildFile</string>
		</dict>
		<key>69F11567187A7618000BDACA</key>
		<dict>
			<key>children</key>
			<array>
				<string>69F115AB187A7648000BDACA</string>
				<string>69F11579187A7618000BDACA</string>
				<string>69F1159B187A7618000BDACA</string>
				<string>69F11572187A7618000BDACA</string>
				<string>69F11571187A7618000BDACA</string>
			</array>
			<key>isa</key>
			<string>PBXGroup</string>
			<key>sourceTree</key>
			<string>&lt;group&gt;</string>
		</dict>
		<key>69F11568187A7618000BDACA</key>
		<dict>
			<key>attributes</key>
			<dict>
				<key>CLASSPREFIX</key>
				<string>JK</string>
				<key>LastUpgradeCheck</key>
				<string>0500</string>
				<key>ORGANIZATIONNAME</key>
				<string>jkorp</string>
				<key>TargetAttributes</key>
				<dict>
					<key>69F11593187A7618000BDACA</key>
					<dict>
						<key>TestTargetID</key>
						<string>69F1156F187A7618000BDACA</string>
					</dict>
				</dict>
			</dict>
			<key>buildConfigurationList</key>
			<string>69F1156B187A7618000BDACA</string>
			<key>compatibilityVersion</key>
			<string>Xcode 3.2</string>
			<key>developmentRegion</key>
			<string>English</string>
			<key>hasScannedForEncodings</key>
			<string>0</string>
			<key>isa</key>
			<string>PBXProject</string>
			<key>knownRegions</key>
			<array>
				<string>en</string>
				<string>Base</string>
			</array>
			<key>mainGroup</key>
			<string>69F11567187A7618000BDACA</string>
			<key>productRefGroup</key>
			<string>69F11571187A7618000BDACA</string>
			<key>projectDirPath</key>
			<string></string>
			<key>projectRoot</key>
			<string></string>
			<key>targets</key>
			<array>
				<string>69F1156F187A7618000BDACA</string>
				<string>69F11593187A7618000BDACA</string>
			</array>
		</dict>
		<key>69F1156B187A7618000BDACA</key>
		<dict>
			<key>buildConfigurations</key>
			<array>
				<string>69F115A3187A7618000BDACA</string>
				<string>69F115A4187A7618000BDACA</string>
			</array>
			<key>defaultConfigurationIsVisible</key>
			<string>0</string>
			<key>defaultConfigurationName</key>
			<string>Release</string>
			<key>isa</key>
			<string>XCConfigurationList</string>
		</dict>
		<key>69F1156C187A7618000BDACA</key>
		<dict>
			<key>buildActionMask</key>
			<string>2147483647</string>
			<key>files</key>
			<array>
				<string>690F4E011883F1BE000FBE1D</string>
				<string>69F11580187A7618000BDACA</string>
				<string>69F115AE187A765D000BDACA</string>
				<string>690F4DFE1883EFF3000FBE1D</string>
				<string>69F11584187A7618000BDACA</string>
				<string>690F4DFB1883EFDF000FBE1D</string>
			</array>
			<key>isa</key>
			<string>PBXSourcesBuildPhase</string>
			<key>runOnlyForDeploymentPostprocessing</key>
			<string>0</string>
		</dict>
		<key>69F1156D187A7618000BDACA</key>
		<dict>
			<key>buildActionMask</key>
			<string>2147483647</string>
			<key>files</key>
			<array>
				<string>69F11576187A7618000BDACA</string>
				<string>69F11578187A7618000BDACA</string>
				<string>69F11574187A7618000BDACA</string>
				<string>YEVRWSLKUDQTHBDITSPYVFDW</string>
				<string>UFEBXNXFHCQQMNTBWVDMICWT</string>
			</array>
			<key>isa</key>
			<string>PBXFrameworksBuildPhase</string>
			<key>runOnlyForDeploymentPostprocessing</key>
			<string>0</string>
		</dict>
		<key>69F1156E187A7618000BDACA</key>
		<dict>
			<key>buildActionMask</key>
			<string>2147483647</string>
			<key>files</key>
			<array>
				<string>69F1158A187A7618000BDACA</string>
				<string>69F1158F187A7618000BDACA</string>
				<string>69F11587187A7618000BDACA</string>
				<string>69F1157E187A7618000BDACA</string>
			</array>
			<key>isa</key>
			<string>PBXResourcesBuildPhase</string>
			<key>runOnlyForDeploymentPostprocessing</key>
			<string>0</string>
		</dict>
		<key>69F1156F187A7618000BDACA</key>
		<dict>
			<key>buildConfigurationList</key>
			<string>69F115A5187A7618000BDACA</string>
			<key>buildPhases</key>
			<array>
				<string>69F1156C187A7618000BDACA</string>
				<string>69F1156D187A7618000BDACA</string>
				<string>69F1156E187A7618000BDACA</string>
			</array>
			<key>buildRules</key>
			<array/>
			<key>dependencies</key>
			<array/>
			<key>isa</key>
			<string>PBXNativeTarget</string>
			<key>name</key>
			<string>JKDrawerControllerDemo</string>
			<key>productName</key>
			<string>JKDrawerControllerDemo</string>
			<key>productReference</key>
			<string>69F11570187A7618000BDACA</string>
			<key>productType</key>
			<string>com.apple.product-type.application</string>
		</dict>
		<key>69F11570187A7618000BDACA</key>
		<dict>
			<key>explicitFileType</key>
			<string>wrapper.application</string>
			<key>includeInIndex</key>
			<string>0</string>
			<key>isa</key>
			<string>PBXFileReference</string>
			<key>path</key>
			<string>JKDrawerControllerDemo.app</string>
			<key>sourceTree</key>
			<string>BUILT_PRODUCTS_DIR</string>
		</dict>
		<key>69F11571187A7618000BDACA</key>
		<dict>
			<key>children</key>
			<array>
				<string>69F11570187A7618000BDACA</string>
				<string>69F11594187A7618000BDACA</string>
			</array>
			<key>isa</key>
			<string>PBXGroup</string>
			<key>name</key>
			<string>Products</string>
			<key>sourceTree</key>
			<string>&lt;group&gt;</string>
		</dict>
		<key>69F11572187A7618000BDACA</key>
		<dict>
			<key>children</key>
			<array>
				<string>69F11573187A7618000BDACA</string>
				<string>69F11575187A7618000BDACA</string>
				<string>69F11577187A7618000BDACA</string>
				<string>69F11595187A7618000BDACA</string>
				<string>RMDCEPMDTJHKIYDQKWBMRKIE</string>
				<string>QYYBDCIDIXGKNPONLATPTEBR</string>
				<string>EJGUAKXRYSMKHTIUSNFGMRPH</string>
			</array>
			<key>isa</key>
			<string>PBXGroup</string>
			<key>name</key>
			<string>Frameworks</string>
			<key>sourceTree</key>
			<string>&lt;group&gt;</string>
		</dict>
		<key>69F11573187A7618000BDACA</key>
		<dict>
			<key>isa</key>
			<string>PBXFileReference</string>
			<key>lastKnownFileType</key>
			<string>wrapper.framework</string>
			<key>name</key>
			<string>Foundation.framework</string>
			<key>path</key>
			<string>System/Library/Frameworks/Foundation.framework</string>
			<key>sourceTree</key>
			<string>SDKROOT</string>
		</dict>
		<key>69F11574187A7618000BDACA</key>
		<dict>
			<key>fileRef</key>
			<string>69F11573187A7618000BDACA</string>
			<key>isa</key>
			<string>PBXBuildFile</string>
		</dict>
		<key>69F11575187A7618000BDACA</key>
		<dict>
			<key>isa</key>
			<string>PBXFileReference</string>
			<key>lastKnownFileType</key>
			<string>wrapper.framework</string>
			<key>name</key>
			<string>CoreGraphics.framework</string>
			<key>path</key>
			<string>System/Library/Frameworks/CoreGraphics.framework</string>
			<key>sourceTree</key>
			<string>SDKROOT</string>
		</dict>
		<key>69F11576187A7618000BDACA</key>
		<dict>
			<key>fileRef</key>
			<string>69F11575187A7618000BDACA</string>
			<key>isa</key>
			<string>PBXBuildFile</string>
		</dict>
		<key>69F11577187A7618000BDACA</key>
		<dict>
			<key>isa</key>
			<string>PBXFileReference</string>
			<key>lastKnownFileType</key>
			<string>wrapper.framework</string>
			<key>name</key>
			<string>UIKit.framework</string>
			<key>path</key>
			<string>System/Library/Frameworks/UIKit.framework</string>
			<key>sourceTree</key>
			<string>SDKROOT</string>
		</dict>
		<key>69F11578187A7618000BDACA</key>
		<dict>
			<key>fileRef</key>
			<string>69F11577187A7618000BDACA</string>
			<key>isa</key>
			<string>PBXBuildFile</string>
		</dict>
		<key>69F11579187A7618000BDACA</key>
		<dict>
			<key>children</key>
			<array>
				<string>69F11582187A7618000BDACA</string>
				<string>69F11583187A7618000BDACA</string>
				<string>69F11585187A7618000BDACA</string>
				<string>69F11588187A7618000BDACA</string>
				<string>69F1158E187A7618000BDACA</string>
				<string>69F1157A187A7618000BDACA</string>
				<string>690F4DF91883EFDF000FBE1D</string>
				<string>690F4DFA1883EFDF000FBE1D</string>
				<string>690F4DFC1883EFF3000FBE1D</string>
				<string>690F4DFD1883EFF3000FBE1D</string>
				<string>690F4DFF1883F1BE000FBE1D</string>
				<string>690F4E001883F1BE000FBE1D</string>
			</array>
			<key>isa</key>
			<string>PBXGroup</string>
			<key>path</key>
			<string>JKDrawerControllerDemo</string>
			<key>sourceTree</key>
			<string>&lt;group&gt;</string>
		</dict>
		<key>69F1157A187A7618000BDACA</key>
		<dict>
			<key>children</key>
			<array>
				<string>69F1157B187A7618000BDACA</string>
				<string>69F1157C187A7618000BDACA</string>
				<string>69F1157F187A7618000BDACA</string>
				<string>69F11581187A7618000BDACA</string>
			</array>
			<key>isa</key>
			<string>PBXGroup</string>
			<key>name</key>
			<string>Supporting Files</string>
			<key>sourceTree</key>
			<string>&lt;group&gt;</string>
		</dict>
		<key>69F1157B187A7618000BDACA</key>
		<dict>
			<key>isa</key>
			<string>PBXFileReference</string>
			<key>lastKnownFileType</key>
			<string>text.plist.xml</string>
			<key>path</key>
			<string>JKDrawerControllerDemo-Info.plist</string>
			<key>sourceTree</key>
			<string>&lt;group&gt;</string>
		</dict>
		<key>69F1157C187A7618000BDACA</key>
		<dict>
			<key>children</key>
			<array>
				<string>69F1157D187A7618000BDACA</string>
			</array>
			<key>isa</key>
			<string>PBXVariantGroup</string>
			<key>name</key>
			<string>InfoPlist.strings</string>
			<key>sourceTree</key>
			<string>&lt;group&gt;</string>
		</dict>
		<key>69F1157D187A7618000BDACA</key>
		<dict>
			<key>isa</key>
			<string>PBXFileReference</string>
			<key>lastKnownFileType</key>
			<string>text.plist.strings</string>
			<key>name</key>
			<string>en</string>
			<key>path</key>
			<string>en.lproj/InfoPlist.strings</string>
			<key>sourceTree</key>
			<string>&lt;group&gt;</string>
		</dict>
		<key>69F1157E187A7618000BDACA</key>
		<dict>
			<key>fileRef</key>
			<string>69F1157C187A7618000BDACA</string>
			<key>isa</key>
			<string>PBXBuildFile</string>
		</dict>
		<key>69F1157F187A7618000BDACA</key>
		<dict>
			<key>isa</key>
			<string>PBXFileReference</string>
			<key>lastKnownFileType</key>
			<string>sourcecode.c.objc</string>
			<key>path</key>
			<string>main.m</string>
			<key>sourceTree</key>
			<string>&lt;group&gt;</string>
		</dict>
		<key>69F11580187A7618000BDACA</key>
		<dict>
			<key>fileRef</key>
			<string>69F1157F187A7618000BDACA</string>
			<key>isa</key>
			<string>PBXBuildFile</string>
		</dict>
		<key>69F11581187A7618000BDACA</key>
		<dict>
			<key>isa</key>
			<string>PBXFileReference</string>
			<key>lastKnownFileType</key>
			<string>sourcecode.c.h</string>
			<key>path</key>
			<string>JKDrawerControllerDemo-Prefix.pch</string>
			<key>sourceTree</key>
			<string>&lt;group&gt;</string>
		</dict>
		<key>69F11582187A7618000BDACA</key>
		<dict>
			<key>isa</key>
			<string>PBXFileReference</string>
			<key>lastKnownFileType</key>
			<string>sourcecode.c.h</string>
			<key>path</key>
			<string>JKAppDelegate.h</string>
			<key>sourceTree</key>
			<string>&lt;group&gt;</string>
		</dict>
		<key>69F11583187A7618000BDACA</key>
		<dict>
			<key>isa</key>
			<string>PBXFileReference</string>
			<key>lastKnownFileType</key>
			<string>sourcecode.c.objc</string>
			<key>path</key>
			<string>JKAppDelegate.m</string>
			<key>sourceTree</key>
			<string>&lt;group&gt;</string>
		</dict>
		<key>69F11584187A7618000BDACA</key>
		<dict>
			<key>fileRef</key>
			<string>69F11583187A7618000BDACA</string>
			<key>isa</key>
			<string>PBXBuildFile</string>
		</dict>
		<key>69F11585187A7618000BDACA</key>
		<dict>
			<key>children</key>
			<array>
				<string>69F11586187A7618000BDACA</string>
			</array>
			<key>isa</key>
			<string>PBXVariantGroup</string>
			<key>name</key>
			<string>Main_iPhone.storyboard</string>
			<key>sourceTree</key>
			<string>&lt;group&gt;</string>
		</dict>
		<key>69F11586187A7618000BDACA</key>
		<dict>
			<key>isa</key>
			<string>PBXFileReference</string>
			<key>lastKnownFileType</key>
			<string>file.storyboard</string>
			<key>name</key>
			<string>Base</string>
			<key>path</key>
			<string>Base.lproj/Main_iPhone.storyboard</string>
			<key>sourceTree</key>
			<string>&lt;group&gt;</string>
		</dict>
		<key>69F11587187A7618000BDACA</key>
		<dict>
			<key>fileRef</key>
			<string>69F11585187A7618000BDACA</string>
			<key>isa</key>
			<string>PBXBuildFile</string>
		</dict>
		<key>69F11588187A7618000BDACA</key>
		<dict>
			<key>children</key>
			<array>
				<string>69F11589187A7618000BDACA</string>
			</array>
			<key>isa</key>
			<string>PBXVariantGroup</string>
			<key>name</key>
			<string>Main_iPad.storyboard</string>
			<key>sourceTree</key>
			<string>&lt;group&gt;</string>
		</dict>
		<key>69F11589187A7618000BDACA</key>
		<dict>
			<key>isa</key>
			<string>PBXFileReference</string>
			<key>lastKnownFileType</key>
			<string>file.storyboard</string>
			<key>name</key>
			<string>Base</string>
			<key>path</key>
			<string>Base.lproj/Main_iPad.storyboard</string>
			<key>sourceTree</key>
			<string>&lt;group&gt;</string>
		</dict>
		<key>69F1158A187A7618000BDACA</key>
		<dict>
			<key>fileRef</key>
			<string>69F11588187A7618000BDACA</string>
			<key>isa</key>
			<string>PBXBuildFile</string>
		</dict>
		<key>69F1158E187A7618000BDACA</key>
		<dict>
			<key>isa</key>
			<string>PBXFileReference</string>
			<key>lastKnownFileType</key>
			<string>folder.assetcatalog</string>
			<key>path</key>
			<string>Images.xcassets</string>
			<key>sourceTree</key>
			<string>&lt;group&gt;</string>
		</dict>
		<key>69F1158F187A7618000BDACA</key>
		<dict>
			<key>fileRef</key>
			<string>69F1158E187A7618000BDACA</string>
			<key>isa</key>
			<string>PBXBuildFile</string>
		</dict>
		<key>69F11590187A7618000BDACA</key>
		<dict>
			<key>buildActionMask</key>
			<string>2147483647</string>
			<key>files</key>
			<array>
				<string>69F115A2187A7618000BDACA</string>
			</array>
			<key>isa</key>
			<string>PBXSourcesBuildPhase</string>
			<key>runOnlyForDeploymentPostprocessing</key>
			<string>0</string>
		</dict>
		<key>69F11591187A7618000BDACA</key>
		<dict>
			<key>buildActionMask</key>
			<string>2147483647</string>
			<key>files</key>
			<array>
				<string>69F11596187A7618000BDACA</string>
				<string>69F11598187A7618000BDACA</string>
				<string>69F11597187A7618000BDACA</string>
			</array>
			<key>isa</key>
			<string>PBXFrameworksBuildPhase</string>
			<key>runOnlyForDeploymentPostprocessing</key>
			<string>0</string>
		</dict>
		<key>69F11592187A7618000BDACA</key>
		<dict>
			<key>buildActionMask</key>
			<string>2147483647</string>
			<key>files</key>
			<array>
				<string>69F115A0187A7618000BDACA</string>
			</array>
			<key>isa</key>
			<string>PBXResourcesBuildPhase</string>
			<key>runOnlyForDeploymentPostprocessing</key>
			<string>0</string>
		</dict>
		<key>69F11593187A7618000BDACA</key>
		<dict>
			<key>buildConfigurationList</key>
			<string>69F115A8187A7618000BDACA</string>
			<key>buildPhases</key>
			<array>
				<string>69F11590187A7618000BDACA</string>
				<string>69F11591187A7618000BDACA</string>
				<string>69F11592187A7618000BDACA</string>
			</array>
			<key>buildRules</key>
			<array/>
			<key>dependencies</key>
			<array>
				<string>69F1159A187A7618000BDACA</string>
			</array>
			<key>isa</key>
			<string>PBXNativeTarget</string>
			<key>name</key>
			<string>JKDrawerControllerDemoTests</string>
			<key>productName</key>
			<string>JKDrawerControllerDemoTests</string>
			<key>productReference</key>
			<string>69F11594187A7618000BDACA</string>
			<key>productType</key>
			<string>com.apple.product-type.bundle.unit-test</string>
		</dict>
		<key>69F11594187A7618000BDACA</key>
		<dict>
			<key>explicitFileType</key>
			<string>wrapper.cfbundle</string>
			<key>includeInIndex</key>
			<string>0</string>
			<key>isa</key>
			<string>PBXFileReference</string>
			<key>path</key>
			<string>JKDrawerControllerDemoTests.xctest</string>
			<key>sourceTree</key>
			<string>BUILT_PRODUCTS_DIR</string>
		</dict>
		<key>69F11595187A7618000BDACA</key>
		<dict>
			<key>isa</key>
			<string>PBXFileReference</string>
			<key>lastKnownFileType</key>
			<string>wrapper.framework</string>
			<key>name</key>
			<string>XCTest.framework</string>
			<key>path</key>
			<string>Library/Frameworks/XCTest.framework</string>
			<key>sourceTree</key>
			<string>DEVELOPER_DIR</string>
		</dict>
		<key>69F11596187A7618000BDACA</key>
		<dict>
			<key>fileRef</key>
			<string>69F11595187A7618000BDACA</string>
			<key>isa</key>
			<string>PBXBuildFile</string>
		</dict>
		<key>69F11597187A7618000BDACA</key>
		<dict>
			<key>fileRef</key>
			<string>69F11573187A7618000BDACA</string>
			<key>isa</key>
			<string>PBXBuildFile</string>
		</dict>
		<key>69F11598187A7618000BDACA</key>
		<dict>
			<key>fileRef</key>
			<string>69F11577187A7618000BDACA</string>
			<key>isa</key>
			<string>PBXBuildFile</string>
		</dict>
		<key>69F11599187A7618000BDACA</key>
		<dict>
			<key>containerPortal</key>
			<string>69F11568187A7618000BDACA</string>
			<key>isa</key>
			<string>PBXContainerItemProxy</string>
			<key>proxyType</key>
			<string>1</string>
			<key>remoteGlobalIDString</key>
			<string>69F1156F187A7618000BDACA</string>
			<key>remoteInfo</key>
			<string>JKDrawerControllerDemo</string>
		</dict>
		<key>69F1159A187A7618000BDACA</key>
		<dict>
			<key>isa</key>
			<string>PBXTargetDependency</string>
			<key>target</key>
			<string>69F1156F187A7618000BDACA</string>
			<key>targetProxy</key>
			<string>69F11599187A7618000BDACA</string>
		</dict>
		<key>69F1159B187A7618000BDACA</key>
		<dict>
			<key>children</key>
			<array>
				<string>69F115A1187A7618000BDACA</string>
				<string>69F1159C187A7618000BDACA</string>
			</array>
			<key>isa</key>
			<string>PBXGroup</string>
			<key>path</key>
			<string>JKDrawerControllerDemoTests</string>
			<key>sourceTree</key>
			<string>&lt;group&gt;</string>
		</dict>
		<key>69F1159C187A7618000BDACA</key>
		<dict>
			<key>children</key>
			<array>
				<string>69F1159D187A7618000BDACA</string>
				<string>69F1159E187A7618000BDACA</string>
			</array>
			<key>isa</key>
			<string>PBXGroup</string>
			<key>name</key>
			<string>Supporting Files</string>
			<key>sourceTree</key>
			<string>&lt;group&gt;</string>
		</dict>
		<key>69F1159D187A7618000BDACA</key>
		<dict>
			<key>isa</key>
			<string>PBXFileReference</string>
			<key>lastKnownFileType</key>
			<string>text.plist.xml</string>
			<key>path</key>
			<string>JKDrawerControllerDemoTests-Info.plist</string>
			<key>sourceTree</key>
			<string>&lt;group&gt;</string>
		</dict>
		<key>69F1159E187A7618000BDACA</key>
		<dict>
			<key>children</key>
			<array>
				<string>69F1159F187A7618000BDACA</string>
			</array>
			<key>isa</key>
			<string>PBXVariantGroup</string>
			<key>name</key>
			<string>InfoPlist.strings</string>
			<key>sourceTree</key>
			<string>&lt;group&gt;</string>
		</dict>
		<key>69F1159F187A7618000BDACA</key>
		<dict>
			<key>isa</key>
			<string>PBXFileReference</string>
			<key>lastKnownFileType</key>
			<string>text.plist.strings</string>
			<key>name</key>
			<string>en</string>
			<key>path</key>
			<string>en.lproj/InfoPlist.strings</string>
			<key>sourceTree</key>
			<string>&lt;group&gt;</string>
		</dict>
		<key>69F115A0187A7618000BDACA</key>
		<dict>
			<key>fileRef</key>
			<string>69F1159E187A7618000BDACA</string>
			<key>isa</key>
			<string>PBXBuildFile</string>
		</dict>
		<key>69F115A1187A7618000BDACA</key>
		<dict>
			<key>isa</key>
			<string>PBXFileReference</string>
			<key>lastKnownFileType</key>
			<string>sourcecode.c.objc</string>
			<key>path</key>
			<string>JKDrawerControllerDemoTests.m</string>
			<key>sourceTree</key>
			<string>&lt;group&gt;</string>
		</dict>
		<key>69F115A2187A7618000BDACA</key>
		<dict>
			<key>fileRef</key>
			<string>69F115A1187A7618000BDACA</string>
			<key>isa</key>
			<string>PBXBuildFile</string>
		</dict>
		<key>69F115A3187A7618000BDACA</key>
		<dict>
			<key>buildSettings</key>
			<dict>
				<key>ALWAYS_SEARCH_USER_PATHS</key>
				<string>NO</string>
				<key>ARCHS</key>
				<string>$(ARCHS_STANDARD_INCLUDING_64_BIT)</string>
				<key>CLANG_CXX_LANGUAGE_STANDARD</key>
				<string>gnu++0x</string>
				<key>CLANG_CXX_LIBRARY</key>
				<string>libc++</string>
				<key>CLANG_ENABLE_MODULES</key>
				<string>YES</string>
				<key>CLANG_ENABLE_OBJC_ARC</key>
				<string>YES</string>
				<key>CLANG_WARN_BOOL_CONVERSION</key>
				<string>YES</string>
				<key>CLANG_WARN_CONSTANT_CONVERSION</key>
				<string>YES</string>
				<key>CLANG_WARN_DIRECT_OBJC_ISA_USAGE</key>
				<string>YES_ERROR</string>
				<key>CLANG_WARN_EMPTY_BODY</key>
				<string>YES</string>
				<key>CLANG_WARN_ENUM_CONVERSION</key>
				<string>YES</string>
				<key>CLANG_WARN_INT_CONVERSION</key>
				<string>YES</string>
				<key>CLANG_WARN_OBJC_ROOT_CLASS</key>
				<string>YES_ERROR</string>
				<key>CLANG_WARN__DUPLICATE_METHOD_MATCH</key>
				<string>YES</string>
				<key>CODE_SIGN_IDENTITY[sdk=iphoneos*]</key>
				<string>iPhone Developer</string>
				<key>COPY_PHASE_STRIP</key>
				<string>NO</string>
				<key>FRAMEWORK_SEARCH_PATHS</key>
				<array>
					<string>"/Applications/Spark Inspector.app/Contents/Resources/Frameworks"</string>
				</array>
				<key>GCC_C_LANGUAGE_STANDARD</key>
				<string>gnu99</string>
				<key>GCC_DYNAMIC_NO_PIC</key>
				<string>NO</string>
				<key>GCC_OPTIMIZATION_LEVEL</key>
				<string>0</string>
				<key>GCC_PREPROCESSOR_DEFINITIONS</key>
				<array>
					<string>DEBUG=1</string>
					<string>$(inherited)</string>
				</array>
				<key>GCC_SYMBOLS_PRIVATE_EXTERN</key>
				<string>NO</string>
				<key>GCC_WARN_64_TO_32_BIT_CONVERSION</key>
				<string>YES</string>
				<key>GCC_WARN_ABOUT_RETURN_TYPE</key>
				<string>YES_ERROR</string>
				<key>GCC_WARN_UNDECLARED_SELECTOR</key>
				<string>YES</string>
				<key>GCC_WARN_UNINITIALIZED_AUTOS</key>
				<string>YES</string>
				<key>GCC_WARN_UNUSED_FUNCTION</key>
				<string>YES</string>
				<key>GCC_WARN_UNUSED_VARIABLE</key>
				<string>YES</string>
				<key>IPHONEOS_DEPLOYMENT_TARGET</key>
				<string>7.0</string>
				<key>ONLY_ACTIVE_ARCH</key>
				<string>YES</string>
				<key>OTHER_LDFLAGS</key>
				<array>
					<string>-ObjC</string>
					<string>-framework SparkInspector</string>
				</array>
				<key>SDKROOT</key>
				<string>iphoneos</string>
				<key>TARGETED_DEVICE_FAMILY</key>
				<string>1,2</string>
			</dict>
			<key>isa</key>
			<string>XCBuildConfiguration</string>
			<key>name</key>
			<string>Debug</string>
		</dict>
		<key>69F115A4187A7618000BDACA</key>
		<dict>
			<key>buildSettings</key>
			<dict>
				<key>ALWAYS_SEARCH_USER_PATHS</key>
				<string>NO</string>
				<key>ARCHS</key>
				<string>$(ARCHS_STANDARD_INCLUDING_64_BIT)</string>
				<key>CLANG_CXX_LANGUAGE_STANDARD</key>
				<string>gnu++0x</string>
				<key>CLANG_CXX_LIBRARY</key>
				<string>libc++</string>
				<key>CLANG_ENABLE_MODULES</key>
				<string>YES</string>
				<key>CLANG_ENABLE_OBJC_ARC</key>
				<string>YES</string>
				<key>CLANG_WARN_BOOL_CONVERSION</key>
				<string>YES</string>
				<key>CLANG_WARN_CONSTANT_CONVERSION</key>
				<string>YES</string>
				<key>CLANG_WARN_DIRECT_OBJC_ISA_USAGE</key>
				<string>YES_ERROR</string>
				<key>CLANG_WARN_EMPTY_BODY</key>
				<string>YES</string>
				<key>CLANG_WARN_ENUM_CONVERSION</key>
				<string>YES</string>
				<key>CLANG_WARN_INT_CONVERSION</key>
				<string>YES</string>
				<key>CLANG_WARN_OBJC_ROOT_CLASS</key>
				<string>YES_ERROR</string>
				<key>CLANG_WARN__DUPLICATE_METHOD_MATCH</key>
				<string>YES</string>
				<key>CODE_SIGN_IDENTITY[sdk=iphoneos*]</key>
				<string>iPhone Developer</string>
				<key>COPY_PHASE_STRIP</key>
				<string>YES</string>
				<key>ENABLE_NS_ASSERTIONS</key>
				<string>NO</string>
				<key>GCC_C_LANGUAGE_STANDARD</key>
				<string>gnu99</string>
				<key>GCC_WARN_64_TO_32_BIT_CONVERSION</key>
				<string>YES</string>
				<key>GCC_WARN_ABOUT_RETURN_TYPE</key>
				<string>YES_ERROR</string>
				<key>GCC_WARN_UNDECLARED_SELECTOR</key>
				<string>YES</string>
				<key>GCC_WARN_UNINITIALIZED_AUTOS</key>
				<string>YES</string>
				<key>GCC_WARN_UNUSED_FUNCTION</key>
				<string>YES</string>
				<key>GCC_WARN_UNUSED_VARIABLE</key>
				<string>YES</string>
				<key>IPHONEOS_DEPLOYMENT_TARGET</key>
				<string>7.0</string>
				<key>SDKROOT</key>
				<string>iphoneos</string>
				<key>TARGETED_DEVICE_FAMILY</key>
				<string>1,2</string>
				<key>VALIDATE_PRODUCT</key>
				<string>YES</string>
			</dict>
			<key>isa</key>
			<string>XCBuildConfiguration</string>
			<key>name</key>
			<string>Release</string>
		</dict>
		<key>69F115A5187A7618000BDACA</key>
		<dict>
			<key>buildConfigurations</key>
			<array>
				<string>69F115A6187A7618000BDACA</string>
				<string>69F115A7187A7618000BDACA</string>
			</array>
			<key>defaultConfigurationIsVisible</key>
			<string>0</string>
			<key>defaultConfigurationName</key>
			<string>Release</string>
			<key>isa</key>
			<string>XCConfigurationList</string>
		</dict>
		<key>69F115A6187A7618000BDACA</key>
		<dict>
			<key>buildSettings</key>
			<dict>
				<key>ASSETCATALOG_COMPILER_APPICON_NAME</key>
				<string>AppIcon</string>
				<key>ASSETCATALOG_COMPILER_LAUNCHIMAGE_NAME</key>
				<string>LaunchImage</string>
				<key>FRAMEWORK_SEARCH_PATHS</key>
				<array>
					<string>"/Applications/Spark Inspector.app/Contents/Resources/Frameworks"</string>
				</array>
				<key>GCC_PRECOMPILE_PREFIX_HEADER</key>
				<string>YES</string>
				<key>GCC_PREFIX_HEADER</key>
				<string>JKDrawerControllerDemo/JKDrawerControllerDemo-Prefix.pch</string>
				<key>INFOPLIST_FILE</key>
				<string>JKDrawerControllerDemo/JKDrawerControllerDemo-Info.plist</string>
				<key>OTHER_LDFLAGS</key>
				<array>
					<string>-ObjC</string>
					<string>-framework SparkInspector</string>
				</array>
				<key>PRODUCT_NAME</key>
				<string>$(TARGET_NAME)</string>
				<key>WRAPPER_EXTENSION</key>
				<string>app</string>
			</dict>
			<key>isa</key>
			<string>XCBuildConfiguration</string>
			<key>name</key>
			<string>Debug</string>
		</dict>
		<key>69F115A7187A7618000BDACA</key>
		<dict>
			<key>buildSettings</key>
			<dict>
				<key>ASSETCATALOG_COMPILER_APPICON_NAME</key>
				<string>AppIcon</string>
				<key>ASSETCATALOG_COMPILER_LAUNCHIMAGE_NAME</key>
				<string>LaunchImage</string>
				<key>GCC_PRECOMPILE_PREFIX_HEADER</key>
				<string>YES</string>
				<key>GCC_PREFIX_HEADER</key>
				<string>JKDrawerControllerDemo/JKDrawerControllerDemo-Prefix.pch</string>
				<key>INFOPLIST_FILE</key>
				<string>JKDrawerControllerDemo/JKDrawerControllerDemo-Info.plist</string>
				<key>PRODUCT_NAME</key>
				<string>$(TARGET_NAME)</string>
				<key>WRAPPER_EXTENSION</key>
				<string>app</string>
			</dict>
			<key>isa</key>
			<string>XCBuildConfiguration</string>
			<key>name</key>
			<string>Release</string>
		</dict>
		<key>69F115A8187A7618000BDACA</key>
		<dict>
			<key>buildConfigurations</key>
			<array>
				<string>69F115A9187A7618000BDACA</string>
				<string>69F115AA187A7618000BDACA</string>
			</array>
			<key>defaultConfigurationIsVisible</key>
			<string>0</string>
			<key>defaultConfigurationName</key>
			<string>Release</string>
			<key>isa</key>
			<string>XCConfigurationList</string>
		</dict>
		<key>69F115A9187A7618000BDACA</key>
		<dict>
			<key>buildSettings</key>
			<dict>
				<key>ARCHS</key>
				<string>$(ARCHS_STANDARD_INCLUDING_64_BIT)</string>
				<key>BUNDLE_LOADER</key>
				<string>$(BUILT_PRODUCTS_DIR)/JKDrawerControllerDemo.app/JKDrawerControllerDemo</string>
				<key>FRAMEWORK_SEARCH_PATHS</key>
				<array>
					<string>$(SDKROOT)/Developer/Library/Frameworks</string>
					<string>$(inherited)</string>
					<string>$(DEVELOPER_FRAMEWORKS_DIR)</string>
				</array>
				<key>GCC_PRECOMPILE_PREFIX_HEADER</key>
				<string>YES</string>
				<key>GCC_PREFIX_HEADER</key>
				<string>JKDrawerControllerDemo/JKDrawerControllerDemo-Prefix.pch</string>
				<key>GCC_PREPROCESSOR_DEFINITIONS</key>
				<array>
					<string>DEBUG=1</string>
					<string>$(inherited)</string>
				</array>
				<key>INFOPLIST_FILE</key>
				<string>JKDrawerControllerDemoTests/JKDrawerControllerDemoTests-Info.plist</string>
				<key>PRODUCT_NAME</key>
				<string>$(TARGET_NAME)</string>
				<key>TEST_HOST</key>
				<string>$(BUNDLE_LOADER)</string>
				<key>WRAPPER_EXTENSION</key>
				<string>xctest</string>
			</dict>
			<key>isa</key>
			<string>XCBuildConfiguration</string>
			<key>name</key>
			<string>Debug</string>
		</dict>
		<key>69F115AA187A7618000BDACA</key>
		<dict>
			<key>buildSettings</key>
			<dict>
				<key>ARCHS</key>
				<string>$(ARCHS_STANDARD_INCLUDING_64_BIT)</string>
				<key>BUNDLE_LOADER</key>
				<string>$(BUILT_PRODUCTS_DIR)/JKDrawerControllerDemo.app/JKDrawerControllerDemo</string>
				<key>FRAMEWORK_SEARCH_PATHS</key>
				<array>
					<string>$(SDKROOT)/Developer/Library/Frameworks</string>
					<string>$(inherited)</string>
					<string>$(DEVELOPER_FRAMEWORKS_DIR)</string>
				</array>
				<key>GCC_PRECOMPILE_PREFIX_HEADER</key>
				<string>YES</string>
				<key>GCC_PREFIX_HEADER</key>
				<string>JKDrawerControllerDemo/JKDrawerControllerDemo-Prefix.pch</string>
				<key>INFOPLIST_FILE</key>
				<string>JKDrawerControllerDemoTests/JKDrawerControllerDemoTests-Info.plist</string>
				<key>PRODUCT_NAME</key>
				<string>$(TARGET_NAME)</string>
				<key>TEST_HOST</key>
				<string>$(BUNDLE_LOADER)</string>
				<key>WRAPPER_EXTENSION</key>
				<string>xctest</string>
			</dict>
			<key>isa</key>
			<string>XCBuildConfiguration</string>
			<key>name</key>
			<string>Release</string>
		</dict>
		<key>69F115AB187A7648000BDACA</key>
		<dict>
			<key>children</key>
			<array>
				<string>69F115AC187A765D000BDACA</string>
				<string>69F115AD187A765D000BDACA</string>
			</array>
			<key>isa</key>
			<string>PBXGroup</string>
			<key>path</key>
			<string>JKDrawerController</string>
			<key>sourceTree</key>
			<string>&lt;group&gt;</string>
		</dict>
		<key>69F115AC187A765D000BDACA</key>
		<dict>
			<key>fileEncoding</key>
			<string>4</string>
			<key>isa</key>
			<string>PBXFileReference</string>
			<key>lastKnownFileType</key>
			<string>sourcecode.c.h</string>
			<key>path</key>
			<string>JKDrawerController.h</string>
			<key>sourceTree</key>
			<string>&lt;group&gt;</string>
		</dict>
		<key>69F115AD187A765D000BDACA</key>
		<dict>
			<key>fileEncoding</key>
			<string>4</string>
			<key>isa</key>
			<string>PBXFileReference</string>
			<key>lastKnownFileType</key>
			<string>sourcecode.c.objc</string>
			<key>path</key>
			<string>JKDrawerController.m</string>
			<key>sourceTree</key>
			<string>&lt;group&gt;</string>
		</dict>
		<key>69F115AE187A765D000BDACA</key>
		<dict>
			<key>fileRef</key>
			<string>69F115AD187A765D000BDACA</string>
			<key>isa</key>
			<string>PBXBuildFile</string>
		</dict>
		<key>EJGUAKXRYSMKHTIUSNFGMRPH</key>
		<dict>
			<key>isa</key>
			<string>PBXFileReference</string>
			<key>lastKnownFileType</key>
			<string>wrapper.framework</string>
			<key>name</key>
			<string>SparkInspector.framework</string>
			<key>path</key>
			<string>/Applications/Spark Inspector.app/Contents/Resources/Frameworks/SparkInspector.framework</string>
			<key>sourceTree</key>
			<string>&lt;group&gt;</string>
		</dict>
		<key>QYYBDCIDIXGKNPONLATPTEBR</key>
		<dict>
			<key>isa</key>
			<string>PBXFileReference</string>
			<key>lastKnownFileType</key>
			<string>compiled.mach-o.dylib</string>
			<key>name</key>
			<string>libz.dylib</string>
			<key>path</key>
			<string>usr/lib/libz.dylib</string>
			<key>sourceTree</key>
			<string>SDKROOT</string>
		</dict>
		<key>RMDCEPMDTJHKIYDQKWBMRKIE</key>
		<dict>
			<key>isa</key>
			<string>PBXFileReference</string>
			<key>lastKnownFileType</key>
			<string>wrapper.framework</string>
			<key>name</key>
			<string>QuartzCore.framework</string>
			<key>path</key>
			<string>System/Library/Frameworks/QuartzCore.framework</string>
			<key>sourceTree</key>
			<string>SDKROOT</string>
		</dict>
		<key>UFEBXNXFHCQQMNTBWVDMICWT</key>
		<dict>
			<key>fileRef</key>
			<string>QYYBDCIDIXGKNPONLATPTEBR</string>
			<key>isa</key>
			<string>PBXBuildFile</string>
		</dict>
		<key>YEVRWSLKUDQTHBDITSPYVFDW</key>
		<dict>
			<key>fileRef</key>
			<string>RMDCEPMDTJHKIYDQKWBMRKIE</string>
			<key>isa</key>
			<string>PBXBuildFile</string>
		</dict>
	</dict>
	<key>rootObject</key>
	<string>69F11568187A7618000BDACA</string>
</dict>
</plist>
